
Microsoft Visual Studio Solution File, Format Version 12.00
# Visual Studio Version 16
VisualStudioVersion = 16.0.29230.47
MinimumVisualStudioVersion = 10.0.40219.1
Project("{FAE04EC0-301F-11D3-BF4B-00C04F79EFBC}") = "Questionnaire", "Questionnaire\Questionnaire.csproj", "{BFA2A694-FF19-425F-879D-5948A5AB8CEE}"
EndProject
Global
	GlobalSection(SolutionConfigurationPlatforms) = preSolution
		Debug|Any CPU = Debug|Any CPU
		Release|Any CPU = Release|Any CPU
	EndGlobalSection
	GlobalSection(ProjectConfigurationPlatforms) = postSolution
		{BFA2A694-FF19-425F-879D-5948A5AB8CEE}.Debug|Any CPU.ActiveCfg = Debug|Any CPU
		{BFA2A694-FF19-425F-879D-5948A5AB8CEE}.Debug|Any CPU.Build.0 = Debug|Any CPU
		{BFA2A694-FF19-425F-879D-5948A5AB8CEE}.Release|Any CPU.ActiveCfg = Release|Any CPU
		{BFA2A694-FF19-425F-879D-5948A5AB8CEE}.Release|Any CPU.Build.0 = Release|Any CPU
	EndGlobalSection
	GlobalSection(SolutionProperties) = preSolution
		HideSolutionNode = FALSE
	EndGlobalSection
	GlobalSection(ExtensibilityGlobals) = postSolution
		SolutionGuid = {35CB30BE-38B8-447D-818F-A6259DD2E1C9}
	EndGlobalSection
EndGlobal
